
Microsoft Visual Studio Solution File, Format Version 12.00
# Visual Studio 14
VisualStudioVersion = 14.0.25420.1
MinimumVisualStudioVersion = 10.0.40219.1
Project("{2150E333-8FDC-42A3-9474-1A3956D46DE8}") = "Infrastructure", "Infrastructure", "{A81026F4-4DCE-4703-BF0E-402DE9A80C9D}"
EndProject
Project("{FAE04EC0-301F-11D3-BF4B-00C04F79EFBC}") = "Common", "Common\Common.csproj", "{5D34C37F-CD7C-4418-9EA1-C3C49FFE0945}"
EndProject
Project("{2150E333-8FDC-42A3-9474-1A3956D46DE8}") = "Repository", "Repository", "{20FE27DA-2211-43CF-8BD4-1C5ADAE93F15}"
EndProject
Project("{2150E333-8FDC-42A3-9474-1A3956D46DE8}") = "Services", "Services", "{8AC8595C-AB72-4BA4-80C8-CF909C879A36}"
EndProject
Project("{2150E333-8FDC-42A3-9474-1A3956D46DE8}") = "UI", "UI", "{A68FDA23-9D8D-4E65-BD0A-963C64D5AE43}"
EndProject
Project("{FAE04EC0-301F-11D3-BF4B-00C04F79EFBC}") = "Models", "Models\Models.csproj", "{FD559214-4B57-4F84-833E-D6B47C8ACAE1}"
EndProject
Project("{FAE04EC0-301F-11D3-BF4B-00C04F79EFBC}") = "IDAL", "IDAL\IDAL.csproj", "{A1F3A5DD-A1AA-4C08-BC63-266622571F1E}"
EndProject
Project("{FAE04EC0-301F-11D3-BF4B-00C04F79EFBC}") = "DAL", "DAL\DAL.csproj", "{290F3485-3E0A-4E8F-A23C-27BFC5A4BACD}"
EndProject
Project("{FAE04EC0-301F-11D3-BF4B-00C04F79EFBC}") = "IBLL", "IBLL\IBLL.csproj", "{1D59D733-A678-4E4C-B5F4-4B0120C83D55}"
EndProject
Project("{FAE04EC0-301F-11D3-BF4B-00C04F79EFBC}") = "BLL", "BLL\BLL.csproj", "{4F1FD4BE-EB45-41A1-A89F-5928E6DEC876}"
EndProject
Project("{FAE04EC0-301F-11D3-BF4B-00C04F79EFBC}") = "MVC-IIMS", "MVC-IIMS\MVC-IIMS.csproj", "{38D296CC-A051-4599-A902-133F67AA9E37}"
EndProject
Global
	GlobalSection(SolutionConfigurationPlatforms) = preSolution
		Debug|Any CPU = Debug|Any CPU
		Release|Any CPU = Release|Any CPU
	EndGlobalSection
	GlobalSection(ProjectConfigurationPlatforms) = postSolution
		{5D34C37F-CD7C-4418-9EA1-C3C49FFE0945}.Debug|Any CPU.ActiveCfg = Debug|Any CPU
		{5D34C37F-CD7C-4418-9EA1-C3C49FFE0945}.Debug|Any CPU.Build.0 = Debug|Any CPU
		{5D34C37F-CD7C-4418-9EA1-C3C49FFE0945}.Release|Any CPU.ActiveCfg = Release|Any CPU
		{5D34C37F-CD7C-4418-9EA1-C3C49FFE0945}.Release|Any CPU.Build.0 = Release|Any CPU
		{FD559214-4B57-4F84-833E-D6B47C8ACAE1}.Debug|Any CPU.ActiveCfg = Debug|Any CPU
		{FD559214-4B57-4F84-833E-D6B47C8ACAE1}.Debug|Any CPU.Build.0 = Debug|Any CPU
		{FD559214-4B57-4F84-833E-D6B47C8ACAE1}.Release|Any CPU.ActiveCfg = Release|Any CPU
		{FD559214-4B57-4F84-833E-D6B47C8ACAE1}.Release|Any CPU.Build.0 = Release|Any CPU
		{A1F3A5DD-A1AA-4C08-BC63-266622571F1E}.Debug|Any CPU.ActiveCfg = Debug|Any CPU
		{A1F3A5DD-A1AA-4C08-BC63-266622571F1E}.Debug|Any CPU.Build.0 = Debug|Any CPU
		{A1F3A5DD-A1AA-4C08-BC63-266622571F1E}.Release|Any CPU.ActiveCfg = Release|Any CPU
		{A1F3A5DD-A1AA-4C08-BC63-266622571F1E}.Release|Any CPU.Build.0 = Release|Any CPU
		{290F3485-3E0A-4E8F-A23C-27BFC5A4BACD}.Debug|Any CPU.ActiveCfg = Debug|Any CPU
		{290F3485-3E0A-4E8F-A23C-27BFC5A4BACD}.Debug|Any CPU.Build.0 = Debug|Any CPU
		{290F3485-3E0A-4E8F-A23C-27BFC5A4BACD}.Release|Any CPU.ActiveCfg = Release|Any CPU
		{290F3485-3E0A-4E8F-A23C-27BFC5A4BACD}.Release|Any CPU.Build.0 = Release|Any CPU
		{1D59D733-A678-4E4C-B5F4-4B0120C83D55}.Debug|Any CPU.ActiveCfg = Debug|Any CPU
		{1D59D733-A678-4E4C-B5F4-4B0120C83D55}.Debug|Any CPU.Build.0 = Debug|Any CPU
		{1D59D733-A678-4E4C-B5F4-4B0120C83D55}.Release|Any CPU.ActiveCfg = Release|Any CPU
		{1D59D733-A678-4E4C-B5F4-4B0120C83D55}.Release|Any CPU.Build.0 = Release|Any CPU
		{4F1FD4BE-EB45-41A1-A89F-5928E6DEC876}.Debug|Any CPU.ActiveCfg = Debug|Any CPU
		{4F1FD4BE-EB45-41A1-A89F-5928E6DEC876}.Debug|Any CPU.Build.0 = Debug|Any CPU
		{4F1FD4BE-EB45-41A1-A89F-5928E6DEC876}.Release|Any CPU.ActiveCfg = Release|Any CPU
		{4F1FD4BE-EB45-41A1-A89F-5928E6DEC876}.Release|Any CPU.Build.0 = Release|Any CPU
		{38D296CC-A051-4599-A902-133F67AA9E37}.Debug|Any CPU.ActiveCfg = Debug|Any CPU
		{38D296CC-A051-4599-A902-133F67AA9E37}.Debug|Any CPU.Build.0 = Debug|Any CPU
		{38D296CC-A051-4599-A902-133F67AA9E37}.Release|Any CPU.ActiveCfg = Release|Any CPU
		{38D296CC-A051-4599-A902-133F67AA9E37}.Release|Any CPU.Build.0 = Release|Any CPU
	EndGlobalSection
	GlobalSection(SolutionProperties) = preSolution
		HideSolutionNode = FALSE
	EndGlobalSection
	GlobalSection(NestedProjects) = preSolution
		{5D34C37F-CD7C-4418-9EA1-C3C49FFE0945} = {A81026F4-4DCE-4703-BF0E-402DE9A80C9D}
		{FD559214-4B57-4F84-833E-D6B47C8ACAE1} = {A81026F4-4DCE-4703-BF0E-402DE9A80C9D}
		{A1F3A5DD-A1AA-4C08-BC63-266622571F1E} = {20FE27DA-2211-43CF-8BD4-1C5ADAE93F15}
		{290F3485-3E0A-4E8F-A23C-27BFC5A4BACD} = {20FE27DA-2211-43CF-8BD4-1C5ADAE93F15}
		{1D59D733-A678-4E4C-B5F4-4B0120C83D55} = {8AC8595C-AB72-4BA4-80C8-CF909C879A36}
		{4F1FD4BE-EB45-41A1-A89F-5928E6DEC876} = {8AC8595C-AB72-4BA4-80C8-CF909C879A36}
		{38D296CC-A051-4599-A902-133F67AA9E37} = {A68FDA23-9D8D-4E65-BD0A-963C64D5AE43}
	EndGlobalSection
EndGlobal
